PODS:
  - EpathmapSDK (0.1.1)
  - WechatOpenSDK (1.8.1)

DEPENDENCIES:
  - EpathmapSDK (from `../`)
  - WechatOpenSDK

EXTERNAL SOURCES:
  EpathmapSDK:
    :path: ../

SPEC CHECKSUMS:
  EpathmapSDK: de1f07f0078c90a3079e82a778509509437db573
  WechatOpenSDK: 491d965d79335070328571d3e79f714549e79a5e

PODFILE CHECKSUM: 6016ece82282f4ccf0ab8868a493f7615f110a5b

COCOAPODS: 1.4.0
